
Microsoft Visual Studio Solution File, Format Version 12.00
# Visual Studio Version 17
VisualStudioVersion = 17.9.34616.47
MinimumVisualStudioVersion = 10.0.40219.1
Project("{FAE04EC0-301F-11D3-BF4B-00C04F79EFBC}") = "Library_MusicManagement", "Library_MusicManagement.csproj", "{1082DF7F-B1AF-454A-97DA-2C158777F3F8}"
EndProject
Project("{FAE04EC0-301F-11D3-BF4B-00C04F79EFBC}") = "Library_MusicData", "..\Library_MusicData\Library_MusicData.csproj", "{66B51A9E-2788-433B-990B-B03848652768}"
EndProject
Global
	GlobalSection(SolutionConfigurationPlatforms) = preSolution
		Debug|Any CPU = Debug|Any CPU
		Release|Any CPU = Release|Any CPU
	EndGlobalSection
	GlobalSection(ProjectConfigurationPlatforms) = postSolution
		{1082DF7F-B1AF-454A-97DA-2C158777F3F8}.Debug|Any CPU.ActiveCfg = Debug|Any CPU
		{1082DF7F-B1AF-454A-97DA-2C158777F3F8}.Debug|Any CPU.Build.0 = Debug|Any CPU
		{1082DF7F-B1AF-454A-97DA-2C158777F3F8}.Release|Any CPU.ActiveCfg = Release|Any CPU
		{1082DF7F-B1AF-454A-97DA-2C158777F3F8}.Release|Any CPU.Build.0 = Release|Any CPU
		{66B51A9E-2788-433B-990B-B03848652768}.Debug|Any CPU.ActiveCfg = Debug|Any CPU
		{66B51A9E-2788-433B-990B-B03848652768}.Debug|Any CPU.Build.0 = Debug|Any CPU
		{66B51A9E-2788-433B-990B-B03848652768}.Release|Any CPU.ActiveCfg = Release|Any CPU
		{66B51A9E-2788-433B-990B-B03848652768}.Release|Any CPU.Build.0 = Release|Any CPU
	EndGlobalSection
	GlobalSection(SolutionProperties) = preSolution
		HideSolutionNode = FALSE
	EndGlobalSection
	GlobalSection(ExtensibilityGlobals) = postSolution
		SolutionGuid = {7539F87D-690E-4E5D-BDBC-6172E9C834F6}
	EndGlobalSection
EndGlobal
